# This file is autogenerated, do not edit; changes may be undone by the next 'dep ensure'.


[[projects]]
  name = "github.com/Microsoft/go-winio"
  packages = ["."]
  revision = "7da180ee92d8bd8bb8c37fc560e673e6557c392f"
  version = "v0.4.7"

[[projects]]
  branch = "master"
  name = "golang.org/x/sys"
  packages = ["windows"]
  revision = "2f1e207ee39ff70f3433e49c6eb52677a515e3b5"

[solve-meta]
  analyzer-name = "dep"
  analyzer-version = 1
  inputs-digest = "96fbf3207f15bc54416b1bd4f05a5875c8f055c878edadb370f91003414eb4cd"
  solver-name = "gps-cdcl"
  solver-version = 1
